
Microsoft Visual Studio Solution File, Format Version 12.00
# Visual Studio 15
VisualStudioVersion = 15.0.27004.2006
MinimumVisualStudioVersion = 10.0.40219.1
Project("{FAE04EC0-301F-11D3-BF4B-00C04F79EFBC}") = "HelloWorld", "HelloWorld\HelloWorld.csproj", "{48CBBE95-8695-4837-93F3-5871C13D429E}"
EndProject
Global
	GlobalSection(SolutionConfigurationPlatforms) = preSolution
		Debug|Any CPU = Debug|Any CPU
		Release|Any CPU = Release|Any CPU
	EndGlobalSection
	GlobalSection(ProjectConfigurationPlatforms) = postSolution
		{48CBBE95-8695-4837-93F3-5871C13D429E}.Debug|Any CPU.ActiveCfg = Debug|Any CPU
		{48CBBE95-8695-4837-93F3-5871C13D429E}.Debug|Any CPU.Build.0 = Debug|Any CPU
		{48CBBE95-8695-4837-93F3-5871C13D429E}.Release|Any CPU.ActiveCfg = Release|Any CPU
		{48CBBE95-8695-4837-93F3-5871C13D429E}.Release|Any CPU.Build.0 = Release|Any CPU
	EndGlobalSection
	GlobalSection(SolutionProperties) = preSolution
		HideSolutionNode = FALSE
	EndGlobalSection
	GlobalSection(ExtensibilityGlobals) = postSolution
		SolutionGuid = {8BF15AE1-817F-44CB-896B-C168FCF9D0AB}
	EndGlobalSection
EndGlobal
